
Microsoft Visual Studio Solution File, Format Version 12.00
# Visual Studio Version 17
VisualStudioVersion = 17.13.35818.85
MinimumVisualStudioVersion = 10.0.40219.1
Project("{FAE04EC0-301F-11D3-BF4B-00C04F79EFBC}") = "Ball Ball", "Ball Ball.csproj", "{387EEDBE-08B8-4667-AEFE-622148669E53}"
EndProject
Project("{2150E333-8FDC-42A3-9474-1A3956D46DE8}") = "Solution Items", "Solution Items", "{8EC462FD-D22E-90A8-E5CE-7E832BA40C5D}"
	ProjectSection(SolutionItems) = preProject
		Ball.cs = Ball.cs
		Border.cs = Border.cs
		BorderManager.cs = BorderManager.cs
		Debuff.cs = Debuff.cs
		GameManager.cs = GameManager.cs
		GameState.cs = GameState.cs
		GameStateManager.cs = GameStateManager.cs
		IMovable.cs = IMovable.cs
		IScrolling.cs = IScrolling.cs
		LevelManager.cs = LevelManager.cs
		MainMenuState.cs = MainMenuState.cs
		ObjectSpawner.cs = ObjectSpawner.cs
		Player.cs = Player.cs
		PlayingState.cs = PlayingState.cs
	EndProjectSection
EndProject
Global
	GlobalSection(SolutionConfigurationPlatforms) = preSolution
		Debug|Any CPU = Debug|Any CPU
		Release|Any CPU = Release|Any CPU
	EndGlobalSection
	GlobalSection(ProjectConfigurationPlatforms) = postSolution
		{387EEDBE-08B8-4667-AEFE-622148669E53}.Debug|Any CPU.ActiveCfg = Debug|Any CPU
		{387EEDBE-08B8-4667-AEFE-622148669E53}.Debug|Any CPU.Build.0 = Debug|Any CPU
		{387EEDBE-08B8-4667-AEFE-622148669E53}.Release|Any CPU.ActiveCfg = Release|Any CPU
		{387EEDBE-08B8-4667-AEFE-622148669E53}.Release|Any CPU.Build.0 = Release|Any CPU
	EndGlobalSection
	GlobalSection(SolutionProperties) = preSolution
		HideSolutionNode = FALSE
	EndGlobalSection
	GlobalSection(ExtensibilityGlobals) = postSolution
		SolutionGuid = {C94A368F-5E9A-4DCB-91B1-8AECDCACF1E8}
	EndGlobalSection
EndGlobal
